<<<<<<< HEAD
Last acquired by /sdks/flutter/bin/cache/dart-sdk/bin/dart (pid 12072) running file:///sdks/flutter/bin/cache/flutter_tools.snapshot on 2026-08-13 05:47:48.258113.
=======
Last acquired by /sdks/flutter/bin/cache/dart-sdk/bin/dart (pid 7968) running file:///sdks/flutter/bin/cache/flutter_tools.snapshot on 2026-08-13 05:20:56.367450.
>>>>>>> 9ef3b65 (AI Implement: 사용자가 앱을 사용하는 **전체 유저 인터랙션 기본 플로우(8단계)**를 먼저 정의하고, 지금까지 도출된 모)
